Microsoft Visual Studio Solution File, Format Version 12.00
# Visual Studio Version 17
VisualStudioVersion = 17.5.2.0
MinimumVisualStudioVersion = 10.0.40219.1
Project("{FAE04EC0-301F-11D3-BF4B-00C04F79EFBC}") = "lab-02.Tests", "lab-02.Tests\lab-02.Tests.csproj", "{157BF3C6-770E-1765-D838-2BA1A312BEF8}"
EndProject
Global
	GlobalSection(SolutionConfigurationPlatforms) = preSolution
		Debug|Any CPU = Debug|Any CPU
		Release|Any CPU = Release|Any CPU
	EndGlobalSection
	GlobalSection(ProjectConfigurationPlatforms) = postSolution
		{157BF3C6-770E-1765-D838-2BA1A312BEF8}.Debug|Any CPU.ActiveCfg = Debug|Any CPU
		{157BF3C6-770E-1765-D838-2BA1A312BEF8}.Debug|Any CPU.Build.0 = Debug|Any CPU
		{157BF3C6-770E-1765-D838-2BA1A312BEF8}.Release|Any CPU.ActiveCfg = Release|Any CPU
		{157BF3C6-770E-1765-D838-2BA1A312BEF8}.Release|Any CPU.Build.0 = Release|Any CPU
	EndGlobalSection
	GlobalSection(SolutionProperties) = preSolution
		HideSolutionNode = FALSE
	EndGlobalSection
	GlobalSection(ExtensibilityGlobals) = postSolution
		SolutionGuid = {D1474785-E2C6-459D-AFEB-0CF29AADE959}
	EndGlobalSection
EndGlobal
